
Microsoft Visual Studio Solution File, Format Version 12.00
# Visual Studio Version 16
VisualStudioVersion = 16.0.30114.105
MinimumVisualStudioVersion = 10.0.40219.1
Project("{FAE04EC0-301F-11D3-BF4B-00C04F79EFBC}") = "SquareFinder", "SquareFinder\SquareFinder.csproj", "{87D3AAEE-9476-42EC-83D9-9801966399C6}"
EndProject
Project("{FAE04EC0-301F-11D3-BF4B-00C04F79EFBC}") = "SquareFinderTest", "SquareFinderTest\SquareFinderTest.csproj", "{F4EE6224-1DA8-4D9A-B55E-437355063228}"
EndProject
Global
	GlobalSection(SolutionConfigurationPlatforms) = preSolution
		Debug|Any CPU = Debug|Any CPU
		Release|Any CPU = Release|Any CPU
	EndGlobalSection
	GlobalSection(SolutionProperties) = preSolution
		HideSolutionNode = FALSE
	EndGlobalSection
	GlobalSection(ProjectConfigurationPlatforms) = postSolution
		{87D3AAEE-9476-42EC-83D9-9801966399C6}.Debug|Any CPU.ActiveCfg = Debug|Any CPU
		{87D3AAEE-9476-42EC-83D9-9801966399C6}.Debug|Any CPU.Build.0 = Debug|Any CPU
		{87D3AAEE-9476-42EC-83D9-9801966399C6}.Release|Any CPU.ActiveCfg = Release|Any CPU
		{87D3AAEE-9476-42EC-83D9-9801966399C6}.Release|Any CPU.Build.0 = Release|Any CPU
		{F4EE6224-1DA8-4D9A-B55E-437355063228}.Debug|Any CPU.ActiveCfg = Debug|Any CPU
		{F4EE6224-1DA8-4D9A-B55E-437355063228}.Debug|Any CPU.Build.0 = Debug|Any CPU
		{F4EE6224-1DA8-4D9A-B55E-437355063228}.Release|Any CPU.ActiveCfg = Release|Any CPU
		{F4EE6224-1DA8-4D9A-B55E-437355063228}.Release|Any CPU.Build.0 = Release|Any CPU
	EndGlobalSection
EndGlobal
